# This file is automatically @generated by Cargo.
# It is not intended for manual editing.
version = 4

[[package]]
name = "fixture-db-seam"
version = "0.1.0"

[[package]]
name = "fixture-policy-api"
version = "0.1.0"

[[package]]
name = "fixture-product-conversions"
version = "0.1.0"

[[package]]
name = "fixture-product-core"
version = "0.1.0"

[[package]]
name = "fixture-product-integration"
version = "0.1.0"

[[package]]
name = "fixture-product-long-file"
version = "0.1.0"
